{
  "name": "chat",
  "version": "1.0.0",
  "lockfileVersion": 1,
  "requires": true,
  "dependencies": {
    "colorette": {
      "version": "1.2.2",
      "resolved": "http://npm.hcloud.hydee.cn/colorette/-/colorette-1.2.2.tgz",
      "integrity": "sha1-y8x51emcrqLb8Q6zom/Ys+as+pQ=",
      "dev": true
    },
    "esbuild": {
      "version": "0.11.20",
      "resolved": "http://npm.hcloud.hydee.cn/esbuild/-/esbuild-0.11.20.tgz",
      "integrity": "sha1-fO+hruizcsGE5CRXiF985dPmKh4=",
      "dev": true
    },
    "fsevents": {
      "version": "2.3.2",
      "resolved": "http://npm.hcloud.hydee.cn/fsevents/-/fsevents-2.3.2.tgz",
      "integrity": "sha1-ilJveLj99GI7cJ4Ll1xSwkwC/Ro=",
      "dev": true,
      "optional": true
    },
    "function-bind": {
      "version": "1.1.1",
      "resolved": "http://npm.hcloud.hydee.cn/function-bind/-/function-bind-1.1.1.tgz",
      "integrity": "sha1-pWiZ0+o8m6uHS7l3O3xe3pL0iV0=",
      "dev": true
    },
    "has": {
      "version": "1.0.3",
      "resolved": "http://npm.hcloud.hydee.cn/has/-/has-1.0.3.tgz",
      "integrity": "sha1-ci18v8H2qoJB8W3YFOAR4fQeh5Y=",
      "dev": true,
      "requires": {
        "function-bind": "^1.1.1"
      }
    },
    "is-core-module": {
      "version": "2.4.0",
      "resolved": "http://npm.hcloud.hydee.cn/is-core-module/-/is-core-module-2.4.0.tgz",
      "integrity": "sha1-jp/I4VAnsBFBgCbpjw5vTYYwXME=",
      "dev": true,
      "requires": {
        "has": "^1.0.3"
      }
    },
    "nanoid": {
      "version": "3.1.23",
      "resolved": "http://npm.hcloud.hydee.cn/nanoid/-/nanoid-3.1.23.tgz",
      "integrity": "sha1-90QIbOfCvEfuCoRyV01ceOQYOoE=",
      "dev": true
    },
    "path-parse": {
      "version": "1.0.6",
      "resolved": "http://npm.hcloud.hydee.cn/path-parse/-/path-parse-1.0.6.tgz",
      "integrity": "sha1-1i27VnlAXXLEc37FhgDp3c8G0kw=",
      "dev": true
    },
    "postcss": {
      "version": "8.2.15",
      "resolved": "http://npm.hcloud.hydee.cn/postcss/-/postcss-8.2.15.tgz",
      "integrity": "sha1-nmbM8HKSgX0ib8MVy7+bwUj7ymU=",
      "dev": true,
      "requires": {
        "colorette": "^1.2.2",
        "nanoid": "^3.1.23",
        "source-map": "^0.6.1"
      }
    },
    "resolve": {
      "version": "1.20.0",
      "resolved": "http://npm.hcloud.hydee.cn/resolve/-/resolve-1.20.0.tgz",
      "integrity": "sha1-YpoBP7P3B1XW8LeTXMHCxTeLGXU=",
      "dev": true,
      "requires": {
        "is-core-module": "^2.2.0",
        "path-parse": "^1.0.6"
      }
    },
    "rollup": {
      "version": "2.47.0",
      "resolved": "http://npm.hcloud.hydee.cn/rollup/-/rollup-2.47.0.tgz",
      "integrity": "sha1-nZWK6ywPajg8rMBAHf8CtuJSZk0=",
      "dev": true,
      "requires": {
        "fsevents": "~2.3.1"
      }
    },
    "source-map": {
      "version": "0.6.1",
      "resolved": "http://npm.hcloud.hydee.cn/source-map/-/source-map-0.6.1.tgz",
      "integrity": "sha1-dHIq8y6WFOnCh6jQu95IteLxomM=",
      "dev": true
    },
    "vite": {
      "version": "2.3.2",
      "resolved": "http://npm.hcloud.hydee.cn/vite/-/vite-2.3.2.tgz",
      "integrity": "sha1-z6x2sE1N7hxzA7VfVjtbYtMvQf4=",
      "dev": true,
      "requires": {
        "esbuild": "^0.11.20",
        "fsevents": "~2.3.1",
        "postcss": "^8.2.10",
        "resolve": "^1.19.0",
        "rollup": "^2.38.5"
      }
    }
  }
}
